
Microsoft Visual Studio Solution File, Format Version 12.00
# Visual Studio 15
VisualStudioVersion = 15.0.28307.106
MinimumVisualStudioVersion = 10.0.40219.1
Project("{FAE04EC0-301F-11D3-BF4B-00C04F79EFBC}") = "DrugaAplikacjaKonsolowa", "DrugaAplikacjaKonsolowa\DrugaAplikacjaKonsolowa.csproj", "{3ABCF103-8D47-4B69-AA03-D8D373ABD334}"
EndProject
Global
	GlobalSection(SolutionConfigurationPlatforms) = preSolution
		Debug|Any CPU = Debug|Any CPU
		Release|Any CPU = Release|Any CPU
	EndGlobalSection
	GlobalSection(ProjectConfigurationPlatforms) = postSolution
		{3ABCF103-8D47-4B69-AA03-D8D373ABD334}.Debug|Any CPU.ActiveCfg = Debug|Any CPU
		{3ABCF103-8D47-4B69-AA03-D8D373ABD334}.Debug|Any CPU.Build.0 = Debug|Any CPU
		{3ABCF103-8D47-4B69-AA03-D8D373ABD334}.Release|Any CPU.ActiveCfg = Release|Any CPU
		{3ABCF103-8D47-4B69-AA03-D8D373ABD334}.Release|Any CPU.Build.0 = Release|Any CPU
	EndGlobalSection
	GlobalSection(SolutionProperties) = preSolution
		HideSolutionNode = FALSE
	EndGlobalSection
	GlobalSection(ExtensibilityGlobals) = postSolution
		SolutionGuid = {35EE4AB4-5C57-4C02-A47A-B5AC91FA6084}
	EndGlobalSection
EndGlobal
